
Microsoft Visual Studio Solution File, Format Version 12.00
# Visual Studio Version 17
VisualStudioVersion = 17.8.34525.116
MinimumVisualStudioVersion = 10.0.40219.1
Project("{FAE04EC0-301F-11D3-BF4B-00C04F79EFBC}") = "Interest-Bearing Deposit", "Interest-Bearing Deposit\Interest-Bearing Deposit.csproj", "{C58AF4B2-4362-403E-B430-56970D23612A}"
EndProject
Global
	GlobalSection(SolutionConfigurationPlatforms) = preSolution
		Debug|Any CPU = Debug|Any CPU
		Release|Any CPU = Release|Any CPU
	EndGlobalSection
	GlobalSection(ProjectConfigurationPlatforms) = postSolution
		{C58AF4B2-4362-403E-B430-56970D23612A}.Debug|Any CPU.ActiveCfg = Debug|Any CPU
		{C58AF4B2-4362-403E-B430-56970D23612A}.Debug|Any CPU.Build.0 = Debug|Any CPU
		{C58AF4B2-4362-403E-B430-56970D23612A}.Release|Any CPU.ActiveCfg = Release|Any CPU
		{C58AF4B2-4362-403E-B430-56970D23612A}.Release|Any CPU.Build.0 = Release|Any CPU
	EndGlobalSection
	GlobalSection(SolutionProperties) = preSolution
		HideSolutionNode = FALSE
	EndGlobalSection
	GlobalSection(ExtensibilityGlobals) = postSolution
		SolutionGuid = {93056C19-0DD0-4D28-8EE3-12335C221F62}
	EndGlobalSection
EndGlobal
